
Microsoft Visual Studio Solution File, Format Version 12.00
# Visual Studio Version 17
VisualStudioVersion = 17.3.32901.215
MinimumVisualStudioVersion = 10.0.40219.1
Project("{FAE04EC0-301F-11D3-BF4B-00C04F79EFBC}") = "17_1_CodeFirstDatabase", "17_1_CodeFirstDatabase.csproj", "{2A4570F0-EE46-452B-8B69-8FE06624E63C}"
EndProject
Global
	GlobalSection(SolutionConfigurationPlatforms) = preSolution
		Debug|Any CPU = Debug|Any CPU
		Release|Any CPU = Release|Any CPU
	EndGlobalSection
	GlobalSection(ProjectConfigurationPlatforms) = postSolution
		{2A4570F0-EE46-452B-8B69-8FE06624E63C}.Debug|Any CPU.ActiveCfg = Debug|Any CPU
		{2A4570F0-EE46-452B-8B69-8FE06624E63C}.Debug|Any CPU.Build.0 = Debug|Any CPU
		{2A4570F0-EE46-452B-8B69-8FE06624E63C}.Release|Any CPU.ActiveCfg = Release|Any CPU
		{2A4570F0-EE46-452B-8B69-8FE06624E63C}.Release|Any CPU.Build.0 = Release|Any CPU
	EndGlobalSection
	GlobalSection(SolutionProperties) = preSolution
		HideSolutionNode = FALSE
	EndGlobalSection
	GlobalSection(ExtensibilityGlobals) = postSolution
		SolutionGuid = {558AF58E-E4F2-4F56-9164-22AADB2F2344}
	EndGlobalSection
EndGlobal
