
Microsoft Visual Studio Solution File, Format Version 12.00
# Visual Studio Version 17
VisualStudioVersion = 17.3.32901.215
MinimumVisualStudioVersion = 10.0.40219.1
Project("{FAE04EC0-301F-11D3-BF4B-00C04F79EFBC}") = "16_03_QuerySyntax", "16_03_QuerySyntax.csproj", "{757D1E68-2D07-40C9-AADC-7B3156A8BDBD}"
EndProject
Global
	GlobalSection(SolutionConfigurationPlatforms) = preSolution
		Debug|Any CPU = Debug|Any CPU
		Release|Any CPU = Release|Any CPU
	EndGlobalSection
	GlobalSection(ProjectConfigurationPlatforms) = postSolution
		{757D1E68-2D07-40C9-AADC-7B3156A8BDBD}.Debug|Any CPU.ActiveCfg = Debug|Any CPU
		{757D1E68-2D07-40C9-AADC-7B3156A8BDBD}.Debug|Any CPU.Build.0 = Debug|Any CPU
		{757D1E68-2D07-40C9-AADC-7B3156A8BDBD}.Release|Any CPU.ActiveCfg = Release|Any CPU
		{757D1E68-2D07-40C9-AADC-7B3156A8BDBD}.Release|Any CPU.Build.0 = Release|Any CPU
	EndGlobalSection
	GlobalSection(SolutionProperties) = preSolution
		HideSolutionNode = FALSE
	EndGlobalSection
	GlobalSection(ExtensibilityGlobals) = postSolution
		SolutionGuid = {75579FBC-48BE-4AFA-BC9F-12AC6AEB5A5E}
	EndGlobalSection
EndGlobal
