
Microsoft Visual Studio Solution File, Format Version 12.00
# Visual Studio Version 17
VisualStudioVersion = 17.3.32901.215
MinimumVisualStudioVersion = 10.0.40219.1
Project("{FAE04EC0-301F-11D3-BF4B-00C04F79EFBC}") = "16_07_Aggregates", "16_07_Aggregates.csproj", "{708759C5-CF6F-424A-BCC4-44AD7244ACEF}"
EndProject
Global
	GlobalSection(SolutionConfigurationPlatforms) = preSolution
		Debug|Any CPU = Debug|Any CPU
		Release|Any CPU = Release|Any CPU
	EndGlobalSection
	GlobalSection(ProjectConfigurationPlatforms) = postSolution
		{708759C5-CF6F-424A-BCC4-44AD7244ACEF}.Debug|Any CPU.ActiveCfg = Debug|Any CPU
		{708759C5-CF6F-424A-BCC4-44AD7244ACEF}.Debug|Any CPU.Build.0 = Debug|Any CPU
		{708759C5-CF6F-424A-BCC4-44AD7244ACEF}.Release|Any CPU.ActiveCfg = Release|Any CPU
		{708759C5-CF6F-424A-BCC4-44AD7244ACEF}.Release|Any CPU.Build.0 = Release|Any CPU
	EndGlobalSection
	GlobalSection(SolutionProperties) = preSolution
		HideSolutionNode = FALSE
	EndGlobalSection
	GlobalSection(ExtensibilityGlobals) = postSolution
		SolutionGuid = {044CB27C-1316-48D8-83AF-3BDFB3BEC825}
	EndGlobalSection
EndGlobal
