
Microsoft Visual Studio Solution File, Format Version 12.00
# Visual Studio Version 17
VisualStudioVersion = 17.3.32901.215
MinimumVisualStudioVersion = 10.0.40219.1
Project("{FAE04EC0-301F-11D3-BF4B-00C04F79EFBC}") = "Ch11CardLib", "Ch11CardLib\Ch11CardLib.csproj", "{FE619F58-CF50-43C7-BEC3-5EBBD1361623}"
EndProject
Global
	GlobalSection(SolutionConfigurationPlatforms) = preSolution
		Debug|Any CPU = Debug|Any CPU
		Release|Any CPU = Release|Any CPU
	EndGlobalSection
	GlobalSection(ProjectConfigurationPlatforms) = postSolution
		{FE619F58-CF50-43C7-BEC3-5EBBD1361623}.Debug|Any CPU.ActiveCfg = Debug|Any CPU
		{FE619F58-CF50-43C7-BEC3-5EBBD1361623}.Debug|Any CPU.Build.0 = Debug|Any CPU
		{FE619F58-CF50-43C7-BEC3-5EBBD1361623}.Release|Any CPU.ActiveCfg = Release|Any CPU
		{FE619F58-CF50-43C7-BEC3-5EBBD1361623}.Release|Any CPU.Build.0 = Release|Any CPU
	EndGlobalSection
	GlobalSection(SolutionProperties) = preSolution
		HideSolutionNode = FALSE
	EndGlobalSection
	GlobalSection(ExtensibilityGlobals) = postSolution
		SolutionGuid = {9BC8419D-F29B-4841-9BE6-ADD5C68AC16A}
	EndGlobalSection
EndGlobal
