
Microsoft Visual Studio Solution File, Format Version 12.00
# Visual Studio Version 17
VisualStudioVersion = 17.3.32901.215
MinimumVisualStudioVersion = 10.0.40219.1
Project("{FAE04EC0-301F-11D3-BF4B-00C04F79EFBC}") = "Ch09Exercises", "Ch09Exercises.csproj", "{336442B7-7545-4EAE-BE00-4304ACACD907}"
EndProject
Global
	GlobalSection(SolutionConfigurationPlatforms) = preSolution
		Debug|Any CPU = Debug|Any CPU
		Release|Any CPU = Release|Any CPU
	EndGlobalSection
	GlobalSection(ProjectConfigurationPlatforms) = postSolution
		{336442B7-7545-4EAE-BE00-4304ACACD907}.Debug|Any CPU.ActiveCfg = Debug|Any CPU
		{336442B7-7545-4EAE-BE00-4304ACACD907}.Debug|Any CPU.Build.0 = Debug|Any CPU
		{336442B7-7545-4EAE-BE00-4304ACACD907}.Release|Any CPU.ActiveCfg = Release|Any CPU
		{336442B7-7545-4EAE-BE00-4304ACACD907}.Release|Any CPU.Build.0 = Release|Any CPU
	EndGlobalSection
	GlobalSection(SolutionProperties) = preSolution
		HideSolutionNode = FALSE
	EndGlobalSection
	GlobalSection(ExtensibilityGlobals) = postSolution
		SolutionGuid = {9FD70871-09C3-4C44-ABB4-6C25A98B6EB5}
	EndGlobalSection
EndGlobal
