
Microsoft Visual Studio Solution File, Format Version 12.00
# Visual Studio Version 17
VisualStudioVersion = 17.3.32901.215
MinimumVisualStudioVersion = 10.0.40219.1
Project("{FAE04EC0-301F-11D3-BF4B-00C04F79EFBC}") = "Ch09ClassLib", "Ch09ClassLib\Ch09ClassLib.csproj", "{712C9A51-49D4-483A-A53E-98BCDDF1826D}"
EndProject
Project("{FAE04EC0-301F-11D3-BF4B-00C04F79EFBC}") = "Ch09Ex02", "Ch09Ex02\Ch09Ex02.csproj", "{80B0BB3E-1DF3-4EA1-824D-71EB5EF2BCDE}"
EndProject
Global
	GlobalSection(SolutionConfigurationPlatforms) = preSolution
		Debug|Any CPU = Debug|Any CPU
		Release|Any CPU = Release|Any CPU
	EndGlobalSection
	GlobalSection(ProjectConfigurationPlatforms) = postSolution
		{712C9A51-49D4-483A-A53E-98BCDDF1826D}.Debug|Any CPU.ActiveCfg = Debug|Any CPU
		{712C9A51-49D4-483A-A53E-98BCDDF1826D}.Debug|Any CPU.Build.0 = Debug|Any CPU
		{712C9A51-49D4-483A-A53E-98BCDDF1826D}.Release|Any CPU.ActiveCfg = Release|Any CPU
		{712C9A51-49D4-483A-A53E-98BCDDF1826D}.Release|Any CPU.Build.0 = Release|Any CPU
		{80B0BB3E-1DF3-4EA1-824D-71EB5EF2BCDE}.Debug|Any CPU.ActiveCfg = Debug|Any CPU
		{80B0BB3E-1DF3-4EA1-824D-71EB5EF2BCDE}.Debug|Any CPU.Build.0 = Debug|Any CPU
		{80B0BB3E-1DF3-4EA1-824D-71EB5EF2BCDE}.Release|Any CPU.ActiveCfg = Release|Any CPU
		{80B0BB3E-1DF3-4EA1-824D-71EB5EF2BCDE}.Release|Any CPU.Build.0 = Release|Any CPU
	EndGlobalSection
	GlobalSection(SolutionProperties) = preSolution
		HideSolutionNode = FALSE
	EndGlobalSection
	GlobalSection(ExtensibilityGlobals) = postSolution
		SolutionGuid = {002A45D4-EA36-47CB-B532-520F2A0A0108}
	EndGlobalSection
EndGlobal
