
Microsoft Visual Studio Solution File, Format Version 12.00
# Visual Studio Version 17
VisualStudioVersion = 17.3.32901.215
MinimumVisualStudioVersion = 10.0.40219.1
Project("{FAE04EC0-301F-11D3-BF4B-00C04F79EFBC}") = "Ch11Ex02", "Ch11Ex02.csproj", "{DE91DC26-9656-4AB8-BDC9-5AFFFE990089}"
EndProject
Global
	GlobalSection(SolutionConfigurationPlatforms) = preSolution
		Debug|Any CPU = Debug|Any CPU
		Release|Any CPU = Release|Any CPU
	EndGlobalSection
	GlobalSection(ProjectConfigurationPlatforms) = postSolution
		{DE91DC26-9656-4AB8-BDC9-5AFFFE990089}.Debug|Any CPU.ActiveCfg = Debug|Any CPU
		{DE91DC26-9656-4AB8-BDC9-5AFFFE990089}.Debug|Any CPU.Build.0 = Debug|Any CPU
		{DE91DC26-9656-4AB8-BDC9-5AFFFE990089}.Release|Any CPU.ActiveCfg = Release|Any CPU
		{DE91DC26-9656-4AB8-BDC9-5AFFFE990089}.Release|Any CPU.Build.0 = Release|Any CPU
	EndGlobalSection
	GlobalSection(SolutionProperties) = preSolution
		HideSolutionNode = FALSE
	EndGlobalSection
	GlobalSection(ExtensibilityGlobals) = postSolution
		SolutionGuid = {87CC5FED-D4A1-4E34-AA08-1260F3A905E9}
	EndGlobalSection
EndGlobal
