
Microsoft Visual Studio Solution File, Format Version 12.00
# Visual Studio Version 17
VisualStudioVersion = 17.3.32901.215
MinimumVisualStudioVersion = 10.0.40219.1
Project("{FAE04EC0-301F-11D3-BF4B-00C04F79EFBC}") = "Ch11Ex05", "Ch11Ex05.csproj", "{33AF2F14-4CEB-462C-A46D-B912D4B0F78D}"
EndProject
Global
	GlobalSection(SolutionConfigurationPlatforms) = preSolution
		Debug|Any CPU = Debug|Any CPU
		Release|Any CPU = Release|Any CPU
	EndGlobalSection
	GlobalSection(ProjectConfigurationPlatforms) = postSolution
		{33AF2F14-4CEB-462C-A46D-B912D4B0F78D}.Debug|Any CPU.ActiveCfg = Debug|Any CPU
		{33AF2F14-4CEB-462C-A46D-B912D4B0F78D}.Debug|Any CPU.Build.0 = Debug|Any CPU
		{33AF2F14-4CEB-462C-A46D-B912D4B0F78D}.Release|Any CPU.ActiveCfg = Release|Any CPU
		{33AF2F14-4CEB-462C-A46D-B912D4B0F78D}.Release|Any CPU.Build.0 = Release|Any CPU
	EndGlobalSection
	GlobalSection(SolutionProperties) = preSolution
		HideSolutionNode = FALSE
	EndGlobalSection
	GlobalSection(ExtensibilityGlobals) = postSolution
		SolutionGuid = {29A18203-E83C-4736-88C2-775719233BCB}
	EndGlobalSection
EndGlobal
