
Microsoft Visual Studio Solution File, Format Version 12.00
# Visual Studio Version 17
VisualStudioVersion = 17.3.32901.215
MinimumVisualStudioVersion = 10.0.40219.1
Project("{FAE04EC0-301F-11D3-BF4B-00C04F79EFBC}") = "16_08", "16_08.csproj", "{C427029E-4188-4767-9DAC-42AE226A23AD}"
EndProject
Global
	GlobalSection(SolutionConfigurationPlatforms) = preSolution
		Debug|Any CPU = Debug|Any CPU
		Release|Any CPU = Release|Any CPU
	EndGlobalSection
	GlobalSection(ProjectConfigurationPlatforms) = postSolution
		{C427029E-4188-4767-9DAC-42AE226A23AD}.Debug|Any CPU.ActiveCfg = Debug|Any CPU
		{C427029E-4188-4767-9DAC-42AE226A23AD}.Debug|Any CPU.Build.0 = Debug|Any CPU
		{C427029E-4188-4767-9DAC-42AE226A23AD}.Release|Any CPU.ActiveCfg = Release|Any CPU
		{C427029E-4188-4767-9DAC-42AE226A23AD}.Release|Any CPU.Build.0 = Release|Any CPU
	EndGlobalSection
	GlobalSection(SolutionProperties) = preSolution
		HideSolutionNode = FALSE
	EndGlobalSection
	GlobalSection(ExtensibilityGlobals) = postSolution
		SolutionGuid = {FD9677D5-463C-4DFA-9341-6648AD95656B}
	EndGlobalSection
EndGlobal
