
Microsoft Visual Studio Solution File, Format Version 12.00
# Visual Studio Version 17
VisualStudioVersion = 17.3.32901.215
MinimumVisualStudioVersion = 10.0.40219.1
Project("{9A19103F-16F7-4668-BE54-9A1E7A4F7556}") = "Ch10CardGame", "Ch10CardGame.csproj", "{CD3AAF17-1121-42E5-9D86-3E50C8B7F323}"
EndProject
Project("{9A19103F-16F7-4668-BE54-9A1E7A4F7556}") = "Ch10CardClient", "..\Ch10CardClient\Ch10CardClient.csproj", "{A18C8CB8-B4A5-4580-8C94-46CFD68AB768}"
EndProject
Project("{FAE04EC0-301F-11D3-BF4B-00C04F79EFBC}") = "FlushExercise", "..\FlushExercise\FlushExercise.csproj", "{A237D65A-8EBF-4516-AE0A-31F54A6A4189}"
EndProject
Global
	GlobalSection(SolutionConfigurationPlatforms) = preSolution
		Debug|Any CPU = Debug|Any CPU
		Release|Any CPU = Release|Any CPU
	EndGlobalSection
	GlobalSection(ProjectConfigurationPlatforms) = postSolution
		{CD3AAF17-1121-42E5-9D86-3E50C8B7F323}.Debug|Any CPU.ActiveCfg = Debug|Any CPU
		{CD3AAF17-1121-42E5-9D86-3E50C8B7F323}.Debug|Any CPU.Build.0 = Debug|Any CPU
		{CD3AAF17-1121-42E5-9D86-3E50C8B7F323}.Release|Any CPU.ActiveCfg = Release|Any CPU
		{CD3AAF17-1121-42E5-9D86-3E50C8B7F323}.Release|Any CPU.Build.0 = Release|Any CPU
		{A18C8CB8-B4A5-4580-8C94-46CFD68AB768}.Debug|Any CPU.ActiveCfg = Debug|Any CPU
		{A18C8CB8-B4A5-4580-8C94-46CFD68AB768}.Debug|Any CPU.Build.0 = Debug|Any CPU
		{A18C8CB8-B4A5-4580-8C94-46CFD68AB768}.Release|Any CPU.ActiveCfg = Release|Any CPU
		{A18C8CB8-B4A5-4580-8C94-46CFD68AB768}.Release|Any CPU.Build.0 = Release|Any CPU
		{A237D65A-8EBF-4516-AE0A-31F54A6A4189}.Debug|Any CPU.ActiveCfg = Debug|Any CPU
		{A237D65A-8EBF-4516-AE0A-31F54A6A4189}.Debug|Any CPU.Build.0 = Debug|Any CPU
		{A237D65A-8EBF-4516-AE0A-31F54A6A4189}.Release|Any CPU.ActiveCfg = Release|Any CPU
		{A237D65A-8EBF-4516-AE0A-31F54A6A4189}.Release|Any CPU.Build.0 = Release|Any CPU
	EndGlobalSection
	GlobalSection(SolutionProperties) = preSolution
		HideSolutionNode = FALSE
	EndGlobalSection
	GlobalSection(ExtensibilityGlobals) = postSolution
		SolutionGuid = {36A0F561-12D4-4124-A744-CAFD8E82EB51}
	EndGlobalSection
EndGlobal
