
Microsoft Visual Studio Solution File, Format Version 12.00
# Visual Studio Version 17
VisualStudioVersion = 17.3.32901.215
MinimumVisualStudioVersion = 10.0.40219.1
Project("{FAE04EC0-301F-11D3-BF4B-00C04F79EFBC}") = "StreamWrite", "StreamWrite.csproj", "{736EE00A-C4DD-4ADA-AEAC-4444A2AE1FF8}"
EndProject
Global
	GlobalSection(SolutionConfigurationPlatforms) = preSolution
		Debug|Any CPU = Debug|Any CPU
		Release|Any CPU = Release|Any CPU
	EndGlobalSection
	GlobalSection(ProjectConfigurationPlatforms) = postSolution
		{736EE00A-C4DD-4ADA-AEAC-4444A2AE1FF8}.Debug|Any CPU.ActiveCfg = Debug|Any CPU
		{736EE00A-C4DD-4ADA-AEAC-4444A2AE1FF8}.Debug|Any CPU.Build.0 = Debug|Any CPU
		{736EE00A-C4DD-4ADA-AEAC-4444A2AE1FF8}.Release|Any CPU.ActiveCfg = Release|Any CPU
		{736EE00A-C4DD-4ADA-AEAC-4444A2AE1FF8}.Release|Any CPU.Build.0 = Release|Any CPU
	EndGlobalSection
	GlobalSection(SolutionProperties) = preSolution
		HideSolutionNode = FALSE
	EndGlobalSection
	GlobalSection(ExtensibilityGlobals) = postSolution
		SolutionGuid = {DA950B4E-509F-4F70-BB72-39E06187EC79}
	EndGlobalSection
EndGlobal
