
Microsoft Visual Studio Solution File, Format Version 12.00
# Visual Studio Version 17
VisualStudioVersion = 17.3.32901.215
MinimumVisualStudioVersion = 10.0.40219.1
Project("{FAE04EC0-301F-11D3-BF4B-00C04F79EFBC}") = "16_04_QueryPersonObject", "16_04_QueryPersonObject.csproj", "{E43621CC-3D43-4BE5-9BDE-CD5FC2C486AC}"
EndProject
Global
	GlobalSection(SolutionConfigurationPlatforms) = preSolution
		Debug|Any CPU = Debug|Any CPU
		Release|Any CPU = Release|Any CPU
	EndGlobalSection
	GlobalSection(ProjectConfigurationPlatforms) = postSolution
		{E43621CC-3D43-4BE5-9BDE-CD5FC2C486AC}.Debug|Any CPU.ActiveCfg = Debug|Any CPU
		{E43621CC-3D43-4BE5-9BDE-CD5FC2C486AC}.Debug|Any CPU.Build.0 = Debug|Any CPU
		{E43621CC-3D43-4BE5-9BDE-CD5FC2C486AC}.Release|Any CPU.ActiveCfg = Release|Any CPU
		{E43621CC-3D43-4BE5-9BDE-CD5FC2C486AC}.Release|Any CPU.Build.0 = Release|Any CPU
	EndGlobalSection
	GlobalSection(SolutionProperties) = preSolution
		HideSolutionNode = FALSE
	EndGlobalSection
	GlobalSection(ExtensibilityGlobals) = postSolution
		SolutionGuid = {C1689481-ADBF-473E-94F2-1D8044D94C93}
	EndGlobalSection
EndGlobal
