
Microsoft Visual Studio Solution File, Format Version 12.00
# Visual Studio Version 17
VisualStudioVersion = 17.3.32901.215
MinimumVisualStudioVersion = 10.0.40219.1
Project("{FAE04EC0-301F-11D3-BF4B-00C04F79EFBC}") = "Ch11Ex01", "Ch11Ex01.csproj", "{6B809D29-92E1-4641-AC34-284801F67E15}"
EndProject
Global
	GlobalSection(SolutionConfigurationPlatforms) = preSolution
		Debug|Any CPU = Debug|Any CPU
		Release|Any CPU = Release|Any CPU
	EndGlobalSection
	GlobalSection(ProjectConfigurationPlatforms) = postSolution
		{6B809D29-92E1-4641-AC34-284801F67E15}.Debug|Any CPU.ActiveCfg = Debug|Any CPU
		{6B809D29-92E1-4641-AC34-284801F67E15}.Debug|Any CPU.Build.0 = Debug|Any CPU
		{6B809D29-92E1-4641-AC34-284801F67E15}.Release|Any CPU.ActiveCfg = Release|Any CPU
		{6B809D29-92E1-4641-AC34-284801F67E15}.Release|Any CPU.Build.0 = Release|Any CPU
	EndGlobalSection
	GlobalSection(SolutionProperties) = preSolution
		HideSolutionNode = FALSE
	EndGlobalSection
	GlobalSection(ExtensibilityGlobals) = postSolution
		SolutionGuid = {6A82500B-16FC-4097-8F8B-DC1556B17D9D}
	EndGlobalSection
EndGlobal
