
Microsoft Visual Studio Solution File, Format Version 12.00
# Visual Studio Version 17
VisualStudioVersion = 17.3.32901.215
MinimumVisualStudioVersion = 10.0.40219.1
Project("{FAE04EC0-301F-11D3-BF4B-00C04F79EFBC}") = "Ch10.1Exercise", "Ch10.1Exercise\Ch10.1Exercise.csproj", "{04BA3ACC-DFD5-4F8A-99A6-DF840A3755B5}"
EndProject
Global
	GlobalSection(SolutionConfigurationPlatforms) = preSolution
		Debug|Any CPU = Debug|Any CPU
		Release|Any CPU = Release|Any CPU
	EndGlobalSection
	GlobalSection(ProjectConfigurationPlatforms) = postSolution
		{04BA3ACC-DFD5-4F8A-99A6-DF840A3755B5}.Debug|Any CPU.ActiveCfg = Debug|Any CPU
		{04BA3ACC-DFD5-4F8A-99A6-DF840A3755B5}.Debug|Any CPU.Build.0 = Debug|Any CPU
		{04BA3ACC-DFD5-4F8A-99A6-DF840A3755B5}.Release|Any CPU.ActiveCfg = Release|Any CPU
		{04BA3ACC-DFD5-4F8A-99A6-DF840A3755B5}.Release|Any CPU.Build.0 = Release|Any CPU
	EndGlobalSection
	GlobalSection(SolutionProperties) = preSolution
		HideSolutionNode = FALSE
	EndGlobalSection
	GlobalSection(ExtensibilityGlobals) = postSolution
		SolutionGuid = {1BF65220-8213-4341-AAD7-E53EB498671A}
	EndGlobalSection
EndGlobal
